{
    "version": 3,
    "terraform_version": "0.11.5",
    "serial": 2,
    "lineage": "37842e30-3180-6372-7e2f-22332578fd6c",
    "modules": [
        {
            "path": [
                "root"
            ],
            "outputs": {},
            "resources": {
                "aws_instance.webserver": {
                    "type": "aws_instance",
                    "depends_on": [],
                    "primary": {
                        "id": "i-02c433e0e3a12ce7e",
                        "attributes": {
                            "ami": "ami-030a2c6c",
                            "associate_public_ip_address": "true",
                            "availability_zone": "ap-south-1a",
                            "disable_api_termination": "false",
                            "ebs_block_device.#": "0",
                            "ebs_optimized": "false",
                            "ephemeral_block_device.#": "0",
                            "get_password_data": "false",
                            "iam_instance_profile": "",
                            "id": "i-02c433e0e3a12ce7e",
                            "instance_state": "running",
                            "instance_type": "t2.micro",
                            "ipv6_addresses.#": "0",
                            "key_name": "",
                            "monitoring": "false",
                            "network_interface.#": "0",
                            "network_interface_id": "eni-ec6cd0b2",
                            "password_data": "",
                            "placement_group": "",
                            "primary_network_interface_id": "eni-ec6cd0b2",
                            "private_dns": "ip-172-31-30-187.ap-south-1.compute.internal",
                            "private_ip": "172.31.30.187",
                            "public_dns": "ec2-13-126-248-162.ap-south-1.compute.amazonaws.com",
                            "public_ip": "13.126.248.162",
                            "root_block_device.#": "1",
                            "root_block_device.0.delete_on_termination": "true",
                            "root_block_device.0.iops": "100",
                            "root_block_device.0.volume_id": "vol-02a3454ff739c3210",
                            "root_block_device.0.volume_size": "10",
                            "root_block_device.0.volume_type": "gp2",
                            "security_groups.#": "1",
                            "security_groups.3814588639": "default",
                            "source_dest_check": "true",
                            "subnet_id": "subnet-ce9029a6",
                            "tags.%": "1",
                            "tags.name": "webserver_form_terraform",
                            "tenancy": "default",
                            "volume_tags.%": "0",
                            "vpc_security_group_ids.#": "1",
                            "vpc_security_group_ids.1645005500": "sg-5958e932"
                        },
                        "meta": {
                            "e2bfb730-ecaa-11e6-8f88-34363bc7c4c0": {
                                "create": 600000000000,
                                "delete": 1200000000000,
                                "update": 600000000000
                            },
                            "schema_version": "1"
                        },
                        "tainted": false
                    },
                    "deposed": [],
                    "provider": "provider.aws"
                }
            },
            "depends_on": []
        }
    ]
}
